// !$*UTF8*$!
{
	archiveVersion = 1;
	classes = {
	};
	objectVersion = 46;
	objects = {

/* Begin PBXBuildFile section */
		8F19ADAC1E41978800A12247 /* main.cpp in Sources */ = {isa = PBXBuildFile; fileRef = 8F19ADA91E41978800A12247 /* main.cpp */; };
		8F19ADAD1E41978800A12247 /* Sequence.cpp in Sources */ = {isa = PBXBuildFile; fileRef = 8F19ADAA1E41978800A12247 /* Sequence.cpp */; };
/* End PBXBuildFile section */

/* Begin PBXCopyFilesBuildPhase section */
		8F029D311E3D69E8000CC300 /* CopyFiles */ = {
			isa = PBXCopyFilesBuildPhase;
			buildActionMask = 2147483647;
			dstPath = /usr/share/man/man1/;
			dstSubfolderSpec = 0;
			files = (
			);
			runOnlyForDeploymentPostprocessing = 1;
		};
/* End PBXCopyFilesBuildPhase section */

/* Begin PBXFileReference section */
		8F029D331E3D69E8000CC300 /* Project2-Sequence-Link */ = {isa = PBXFileReference; explicitFileType = "compiled.mach-o.executable"; includeInIndex = 0; path = "Project2-Sequence-Link"; sourceTree = BUILT_PRODUCTS_DIR; };
		8F19ADA91E41978800A12247 /* main.cpp */ = {isa = PBXFileReference; fileEncoding = 4; lastKnownFileType = sourcecode.cpp.cpp; path = main.cpp; sourceTree = "<group>"; };
		8F19ADAA1E41978800A12247 /* Sequence.cpp */ = {isa = PBXFileReference; fileEncoding = 4; lastKnownFileType = sourcecode.cpp.cpp; path = Sequence.cpp; sourceTree = "<group>"; };
		8F19ADAB1E41978800A12247 /* Sequence.h */ = {isa = PBXFileReference; fileEncoding = 4; lastKnownFileType = sourcecode.c.h; path = Sequence.h; sourceTree = "<group>"; };
/* End PBXFileReference section */

/* Begin PBXFrameworksBuildPhase section */
		8F029D301E3D69E8000CC300 /* Frameworks */ = {
			isa = PBXFrameworksBuildPhase;
			buildActionMask = 2147483647;
			files = (
			);
			runOnlyForDeploymentPostprocessing = 0;
		};
/* End PBXFrameworksBuildPhase section */

/* Begin PBXGroup section */
		8F029D2A1E3D69E8000CC300 = {
			isa = PBXGroup;
			children = (
				8F029D351E3D69E8000CC300 /* Project2-Sequence-Link */,
				8F029D341E3D69E8000CC300 /* Products */,
			);
			sourceTree = "<group>";
		};
		8F029D341E3D69E8000CC300 /* Products */ = {
			isa = PBXGroup;
			children = (
				8F029D331E3D69E8000CC300 /* Project2-Sequence-Link */,
			);
			name = Products;
			sourceTree = "<group>";
		};
		8F029D351E3D69E8000CC300 /* Project2-Sequence-Link */ = {
			isa = PBXGroup;
			children = (
				8F19ADA91E41978800A12247 /* main.cpp */,
				8F19ADAA1E41978800A12247 /* Sequence.cpp */,
				8F19ADAB1E41978800A12247 /* Sequence.h */,
			);
			path = "Project2-Sequence-Link";
			sourceTree = "<group>";
		};
/* End PBXGroup section */

/* Begin PBXNativeTarget section */
		8F029D321E3D69E8000CC300 /* Project2-Sequence-Link */ = {
			isa = PBXNativeTarget;
			buildConfigurationList = 8F029D3A1E3D69E8000CC300 /* Build configuration list for PBXNativeTarget "Project2-Sequence-Link" */;
			buildPhases = (
				8F029D2F1E3D69E8000CC300 /* Sources */,
				8F029D301E3D69E8000CC300 /* Frameworks */,
				8F029D311E3D69E8000CC300 /* CopyFiles */,
			);
			buildRules = (
			);
			dependencies = (
			);
			name = "Project2-Sequence-Link";
			productName = "Project2-Sequence-Link";
			productReference = 8F029D331E3D69E8000CC300 /* Project2-Sequence-Link */;
			productType = "com.apple.product-type.tool";
		};
/* End PBXNativeTarget section */

/* Begin PBXProject section */
		8F029D2B1E3D69E8000CC300 /* Project object */ = {
			isa = PBXProject;
			attributes = {
				LastUpgradeCheck = 0820;
				ORGANIZATIONNAME = "Junnan Liu";
				TargetAttributes = {
					8F029D321E3D69E8000CC300 = {
						CreatedOnToolsVersion = 8.2;
						ProvisioningStyle = Automatic;
					};
				};
			};
			buildConfigurationList = 8F029D2E1E3D69E8000CC300 /* Build configuration list for PBXProject "Project2-Sequence-Link" */;
			compatibilityVersion = "Xcode 3.2";
			developmentRegion = English;
			hasScannedForEncodings = 0;
			knownRegions = (
				en,
			);
			mainGroup = 8F029D2A1E3D69E8000CC300;
			productRefGroup = 8F029D341E3D69E8000CC300 /* Products */;
			projectDirPath = "";
			projectRoot = "";
			targets = (
				8F029D321E3D69E8000CC300 /* Project2-Sequence-Link */,
			);
		};
/* End PBXProject section */

/* Begin PBXSourcesBuildPhase section */
		8F029D2F1E3D69E8000CC300 /* Sources */ = {
			isa = PBXSourcesBuildPhase;
			buildActionMask = 2147483647;
			files = (
				8F19ADAD1E41978800A12247 /* Sequence.cpp in Sources */,
				8F19ADAC1E41978800A12247 /* main.cpp in Sources */,
			);
			runOnlyForDeploymentPostprocessing = 0;
		};
/* End PBXSourcesBuildPhase section */

/* Begin XCBuildConfiguration section */
		8F029D381E3D69E8000CC300 /* Debug */ = {
			isa = XCBuildConfiguration;
			buildSettings = {
				ALWAYS_SEARCH_USER_PATHS = NO;
				CLANG_ANALYZER_NONNULL = YES;
				CLANG_CXX_LANGUAGE_STANDARD = "gnu++0x";
				CLANG_CXX_LIBRARY = "libc++";
				CLANG_ENABLE_MODULES = YES;
				CLANG_ENABLE_OBJC_ARC = YES;
				CLANG_WARN_BOOL_CONVERSION = YES;
				CLANG_WARN_CONSTANT_CONVERSION = YES;
				CLANG_WARN_DIRECT_OBJC_ISA_USAGE = YES_ERROR;
				CLANG_WARN_DOCUMENTATION_COMMENTS = YES;
				CLANG_WARN_EMPTY_BODY = YES;
				CLANG_WARN_ENUM_CONVERSION = YES;
				CLANG_WARN_INFINITE_RECURSION = YES;
				CLANG_WARN_INT_CONVERSION = YES;
				CLANG_WARN_OBJC_ROOT_CLASS = YES_ERROR;
				CLANG_WARN_SUSPICIOUS_MOVE = YES;
				CLANG_WARN_UNREACHABLE_CODE = YES;
				CLANG_WARN__DUPLICATE_METHOD_MATCH = YES;
				CODE_SIGN_IDENTITY = "-";
				COPY_PHASE_STRIP = NO;
				DEBUG_INFORMATION_FORMAT = dwarf;
				ENABLE_STRICT_OBJC_MSGSEND = YES;
				ENABLE_TESTABILITY = YES;
				GCC_C_LANGUAGE_STANDARD = gnu99;
				GCC_DYNAMIC_NO_PIC = NO;
				GCC_NO_COMMON_BLOCKS = YES;
				GCC_OPTIMIZATION_LEVEL = 0;
				GCC_PREPROCESSOR_DEFINITIONS = (
					"DEBUG=1",
					"$(inherited)",
				);
				GCC_WARN_64_TO_32_BIT_CONVERSION = YES;
				GCC_WARN_ABOUT_RETURN_TYPE = YES_ERROR;
				GCC_WARN_UNDECLARED_SELECTOR = YES;
				GCC_WARN_UNINITIALIZED_AUTOS = YES_AGGRESSIVE;
				GCC_WARN_UNUSED_FUNCTION = YES;
				GCC_WARN_UNUSED_VARIABLE = YES;
				MACOSX_DEPLOYMENT_TARGET = 10.12;
				MTL_ENABLE_DEBUG_INFO = YES;
				ONLY_ACTIVE_ARCH = YES;
				SDKROOT = macosx;
			};
			name = Debug;
		};
		8F029D391E3D69E8000CC300 /* Release */ = {
			isa = XCBuildConfiguration;
			buildSettings = {
				ALWAYS_SEARCH_USER_PATHS = NO;
				CLANG_ANALYZER_NONNULL = YES;
				CLANG_CXX_LANGUAGE_STANDARD = "gnu++0x";
				CLANG_CXX_LIBRARY = "libc++";
				CLANG_ENABLE_MODULES = YES;
				CLANG_ENABLE_OBJC_ARC = YES;
				CLANG_WARN_BOOL_CONVERSION = YES;
				CLANG_WARN_CONSTANT_CONVERSION = YES;
				CLANG_WARN_DIRECT_OBJC_ISA_USAGE = YES_ERROR;
				CLANG_WARN_DOCUMENTATION_COMMENTS = YES;
				CLANG_WARN_EMPTY_BODY = YES;
				CLANG_WARN_ENUM_CONVERSION = YES;
				CLANG_WARN_INFINITE_RECURSION = YES;
				CLANG_WARN_INT_CONVERSION = YES;
				CLANG_WARN_OBJC_ROOT_CLASS = YES_ERROR;
				CLANG_WARN_SUSPICIOUS_MOVE = YES;
				CLANG_WARN_UNREACHABLE_CODE = YES;
				CLANG_WARN__DUPLICATE_METHOD_MATCH = YES;
				CODE_SIGN_IDENTITY = "-";
				COPY_PHASE_STRIP = NO;
				DEBUG_INFORMATION_FORMAT = "dwarf-with-dsym";
				ENABLE_NS_ASSERTIONS = NO;
				ENABLE_STRICT_OBJC_MSGSEND = YES;
				GCC_C_LANGUAGE_STANDARD = gnu99;
				GCC_NO_COMMON_BLOCKS = YES;
				GCC_WARN_64_TO_32_BIT_CONVERSION = YES;
				GCC_WARN_ABOUT_RETURN_TYPE = YES_ERROR;
				GCC_WARN_UNDECLARED_SELECTOR = YES;
				GCC_WARN_UNINITIALIZED_AUTOS = YES_AGGRESSIVE;
				GCC_WARN_UNUSED_FUNCTION = YES;
				GCC_WARN_UNUSED_VARIABLE = YES;
				MACOSX_DEPLOYMENT_TARGET = 10.12;
				MTL_ENABLE_DEBUG_INFO = NO;
				SDKROOT = macosx;
			};
			name = Release;
		};
		8F029D3B1E3D69E8000CC300 /* Debug */ = {
			isa = XCBuildConfiguration;
			buildSettings = {
				PRODUCT_NAME = "$(TARGET_NAME)";
			};
			name = Debug;
		};
		8F029D3C1E3D69E8000CC300 /* Release */ = {
			isa = XCBuildConfiguration;
			buildSettings = {
				PRODUCT_NAME = "$(TARGET_NAME)";
			};
			name = Release;
		};
/* End XCBuildConfiguration section */

/* Begin XCConfigurationList section */
		8F029D2E1E3D69E8000CC300 /* Build configuration list for PBXProject "Project2-Sequence-Link" */ = {
			isa = XCConfigurationList;
			buildConfigurations = (
				8F029D381E3D69E8000CC300 /* Debug */,
				8F029D391E3D69E8000CC300 /* Release */,
			);
			defaultConfigurationIsVisible = 0;
			defaultConfigurationName = Release;
		};
		8F029D3A1E3D69E8000CC300 /* Build configuration list for PBXNativeTarget "Project2-Sequence-Link" */ = {
			isa = XCConfigurationList;
			buildConfigurations = (
				8F029D3B1E3D69E8000CC300 /* Debug */,
				8F029D3C1E3D69E8000CC300 /* Release */,
			);
			defaultConfigurationIsVisible = 0;
			defaultConfigurationName = Release;
		};
/* End XCConfigurationList section */
	};
	rootObject = 8F029D2B1E3D69E8000CC300 /* Project object */;
}
